
Microsoft Visual Studio Solution File, Format Version 12.00
Project("{FAE04EC0-301F-11D3-BF4B-00C04F79EFBC}") = "BuyAndRead", "BuyAndRead\BuyAndRead.csproj", "{ED0FEF3D-53D8-4DF7-99D7-0A77B09F8175}"
EndProject
Global
	GlobalSection(SolutionConfigurationPlatforms) = preSolution
		Debug|Any CPU = Debug|Any CPU
		Release|Any CPU = Release|Any CPU
	EndGlobalSection
	GlobalSection(ProjectConfigurationPlatforms) = postSolution
		{ED0FEF3D-53D8-4DF7-99D7-0A77B09F8175}.Debug|Any CPU.ActiveCfg = Debug|Any CPU
		{ED0FEF3D-53D8-4DF7-99D7-0A77B09F8175}.Debug|Any CPU.Build.0 = Debug|Any CPU
		{ED0FEF3D-53D8-4DF7-99D7-0A77B09F8175}.Release|Any CPU.ActiveCfg = Release|Any CPU
		{ED0FEF3D-53D8-4DF7-99D7-0A77B09F8175}.Release|Any CPU.Build.0 = Release|Any CPU
	EndGlobalSection
EndGlobal
